lockfileVersion: '9.0'

settings:
  autoInstallPeers: true
  excludeLinksFromLockfile: false

importers:

  .:
    dependencies:
      bootstrap:
        specifier: ^4.3.1
        version: 4.3.1(jquery@3.7.1)(popper.js@1.16.1)

packages:

  bootstrap@4.3.1:
    resolution: {integrity: sha512-rXqOmH1VilAt2DyPzluTi2blhk17bO7ef+zLLPlWvG494pDxcM234pJ8wTc/6R40UWizAIIMgxjvxZg5kmsbag==}
    engines: {node: '>=6'}
    deprecated: This version of Bootstrap is no longer supported. Please upgrade to the latest version.
    peerDependencies:
      jquery: 1.9.1 - 3
      popper.js: ^1.14.7

  jquery@3.7.1:
    resolution: {integrity: sha512-m4avr8yL8kmFN8psrbFFFmB/If14iN5o9nw/NgnnM+kybDJpRsAynV2BsfpTYrTRysYUdADVD7CkUUizgkpLfg==}

  popper.js@1.16.1:
    resolution: {integrity: sha512-Wb4p1J4zyFTbM+u6WuO4XstYx4Ky9Cewe4DWrel7B0w6VVICvPwdOpotjzcf6eD8TsckVnIMNONQyPIUFOUbCQ==}
    deprecated: You can find the new Popper v2 at @popperjs/core, this package is dedicated to the legacy v1

snapshots:

  bootstrap@4.3.1(jquery@3.7.1)(popper.js@1.16.1):
    dependencies:
      jquery: 3.7.1
      popper.js: 1.16.1

  jquery@3.7.1: {}

  popper.js@1.16.1: {}
